PODS:
  - Flutter (1.0.0)
  - fluttertoast (0.0.2):
    - Flutter
  - integration_test (0.0.1):
    - Flutter
  - oneclick (0.0.1):
    - Flutter

DEPENDENCIES:
  - Flutter (from `Flutter`)
  - fluttertoast (from `.symlinks/plugins/fluttertoast/ios`)
  - integration_test (from `.symlinks/plugins/integration_test/ios`)
  - oneclick (from `.symlinks/plugins/oneclick/ios`)

EXTERNAL SOURCES:
  Flutter:
    :path: Flutter
  fluttertoast:
    :path: ".symlinks/plugins/fluttertoast/ios"
  integration_test:
    :path: ".symlinks/plugins/integration_test/ios"
  oneclick:
    :path: ".symlinks/plugins/oneclick/ios"

SPEC CHECKSUMS:
  Flutter: e0871f40cf51350855a761d2e70bf5af5b9b5de7
  fluttertoast: 2c67e14dce98bbdb200df9e1acf610d7a6264ea1
  integration_test: 4a889634ef21a45d28d50d622cf412dc6d9f586e
  oneclick: 614fb5a781faeca3d231ee337c61cb36d04470e8

PODFILE CHECKSUM: 4305caec6b40dde0ae97be1573c53de1882a07e5

COCOAPODS: 1.16.2
